
Microsoft Visual Studio Solution File, Format Version 12.00
# Visual Studio Version 18
VisualStudioVersion = 18.1.11312.151
MinimumVisualStudioVersion = 10.0.40219.1
Project("{FAE04EC0-301F-11D3-BF4B-00C04F79EFBC}") = "HevyHeartConsole", "HevyHeartConsole\HevyHeartConsole.csproj", "{D75093A3-F586-444A-96E1-99F15576D1B6}"
EndProject
Project("{FAE04EC0-301F-11D3-BF4B-00C04F79EFBC}") = "HevyHeartModels", "HevyHeartModels\HevyHeartModels.csproj", "{29394FC1-79DD-49AF-B0B2-CA0343F54C8A}"
EndProject
Project("{FAE04EC0-301F-11D3-BF4B-00C04F79EFBC}") = "HevyHeartGui", "HevyHeartGui\HevyHeartGui.csproj", "{04B95FAE-E6CC-F342-AD68-C194B808D26F}"
EndProject
Global
	GlobalSection(SolutionConfigurationPlatforms) = preSolution
		Debug|Any CPU = Debug|Any CPU
		Release|Any CPU = Release|Any CPU
	EndGlobalSection
	GlobalSection(ProjectConfigurationPlatforms) = postSolution
		{D75093A3-F586-444A-96E1-99F15576D1B6}.Debug|Any CPU.ActiveCfg = Debug|Any CPU
		{D75093A3-F586-444A-96E1-99F15576D1B6}.Debug|Any CPU.Build.0 = Debug|Any CPU
		{D75093A3-F586-444A-96E1-99F15576D1B6}.Release|Any CPU.ActiveCfg = Release|Any CPU
		{D75093A3-F586-444A-96E1-99F15576D1B6}.Release|Any CPU.Build.0 = Release|Any CPU
		{29394FC1-79DD-49AF-B0B2-CA0343F54C8A}.Debug|Any CPU.ActiveCfg = Debug|Any CPU
		{29394FC1-79DD-49AF-B0B2-CA0343F54C8A}.Debug|Any CPU.Build.0 = Debug|Any CPU
		{29394FC1-79DD-49AF-B0B2-CA0343F54C8A}.Release|Any CPU.ActiveCfg = Release|Any CPU
		{29394FC1-79DD-49AF-B0B2-CA0343F54C8A}.Release|Any CPU.Build.0 = Release|Any CPU
		{04B95FAE-E6CC-F342-AD68-C194B808D26F}.Debug|Any CPU.ActiveCfg = Debug|Any CPU
		{04B95FAE-E6CC-F342-AD68-C194B808D26F}.Debug|Any CPU.Build.0 = Debug|Any CPU
		{04B95FAE-E6CC-F342-AD68-C194B808D26F}.Release|Any CPU.ActiveCfg = Release|Any CPU
		{04B95FAE-E6CC-F342-AD68-C194B808D26F}.Release|Any CPU.Build.0 = Release|Any CPU
	EndGlobalSection
	GlobalSection(SolutionProperties) = preSolution
		HideSolutionNode = FALSE
	EndGlobalSection
	GlobalSection(ExtensibilityGlobals) = postSolution
		SolutionGuid = {20751E55-BCCE-4DC8-84EC-5587467EAFC4}
	EndGlobalSection
EndGlobal
